
Microsoft Visual Studio Solution File, Format Version 12.00
Project("{FAE04EC0-301F-11D3-BF4B-00C04F79EFBC}") = "Shared", "Shared\Shared.csproj", "{63766A9A-E761-441E-9480-AD643F37B388}"
EndProject
Project("{FAE04EC0-301F-11D3-BF4B-00C04F79EFBC}") = "WebAPI", "WebAPI\WebAPI.csproj", "{83CF0797-7642-4C67-9924-C457792E88CC}"
EndProject
Project("{FAE04EC0-301F-11D3-BF4B-00C04F79EFBC}") = "BlazorWasm", "BlazorWasm\BlazorWasm.csproj", "{D0AB6FA9-644D-4824-BCF2-48A76E928D34}"
EndProject
Project("{FAE04EC0-301F-11D3-BF4B-00C04F79EFBC}") = "HTTPServices", "HTTPServices\HTTPServices.csproj", "{AC6CAA9A-F09A-4403-935B-D0905C4246F5}"
EndProject
Project("{FAE04EC0-301F-11D3-BF4B-00C04F79EFBC}") = "FileData", "FileData\FileData.csproj", "{9FDBFAC0-37E9-479F-AADA-836E27EC7CB1}"
EndProject
Project("{FAE04EC0-301F-11D3-BF4B-00C04F79EFBC}") = "BuisnessLogic", "BuisnessLogic\BuisnessLogic.csproj", "{4CA4751B-0B36-40A7-A94E-8EF59A834650}"
EndProject
Project("{FAE04EC0-301F-11D3-BF4B-00C04F79EFBC}") = "EfcDataAccess", "EfcDataAccess\EfcDataAccess.csproj", "{EC1555C6-4027-43EA-A3A4-D568FD435957}"
EndProject
Global
	GlobalSection(SolutionConfigurationPlatforms) = preSolution
		Debug|Any CPU = Debug|Any CPU
		Release|Any CPU = Release|Any CPU
	EndGlobalSection
	GlobalSection(ProjectConfigurationPlatforms) = postSolution
		{63766A9A-E761-441E-9480-AD643F37B388}.Debug|Any CPU.ActiveCfg = Debug|Any CPU
		{63766A9A-E761-441E-9480-AD643F37B388}.Debug|Any CPU.Build.0 = Debug|Any CPU
		{63766A9A-E761-441E-9480-AD643F37B388}.Release|Any CPU.ActiveCfg = Release|Any CPU
		{63766A9A-E761-441E-9480-AD643F37B388}.Release|Any CPU.Build.0 = Release|Any CPU
		{83CF0797-7642-4C67-9924-C457792E88CC}.Debug|Any CPU.ActiveCfg = Debug|Any CPU
		{83CF0797-7642-4C67-9924-C457792E88CC}.Debug|Any CPU.Build.0 = Debug|Any CPU
		{83CF0797-7642-4C67-9924-C457792E88CC}.Release|Any CPU.ActiveCfg = Release|Any CPU
		{83CF0797-7642-4C67-9924-C457792E88CC}.Release|Any CPU.Build.0 = Release|Any CPU
		{D0AB6FA9-644D-4824-BCF2-48A76E928D34}.Debug|Any CPU.ActiveCfg = Debug|Any CPU
		{D0AB6FA9-644D-4824-BCF2-48A76E928D34}.Debug|Any CPU.Build.0 = Debug|Any CPU
		{D0AB6FA9-644D-4824-BCF2-48A76E928D34}.Release|Any CPU.ActiveCfg = Release|Any CPU
		{D0AB6FA9-644D-4824-BCF2-48A76E928D34}.Release|Any CPU.Build.0 = Release|Any CPU
		{AC6CAA9A-F09A-4403-935B-D0905C4246F5}.Debug|Any CPU.ActiveCfg = Debug|Any CPU
		{AC6CAA9A-F09A-4403-935B-D0905C4246F5}.Debug|Any CPU.Build.0 = Debug|Any CPU
		{AC6CAA9A-F09A-4403-935B-D0905C4246F5}.Release|Any CPU.ActiveCfg = Release|Any CPU
		{AC6CAA9A-F09A-4403-935B-D0905C4246F5}.Release|Any CPU.Build.0 = Release|Any CPU
		{9FDBFAC0-37E9-479F-AADA-836E27EC7CB1}.Debug|Any CPU.ActiveCfg = Debug|Any CPU
		{9FDBFAC0-37E9-479F-AADA-836E27EC7CB1}.Debug|Any CPU.Build.0 = Debug|Any CPU
		{9FDBFAC0-37E9-479F-AADA-836E27EC7CB1}.Release|Any CPU.ActiveCfg = Release|Any CPU
		{9FDBFAC0-37E9-479F-AADA-836E27EC7CB1}.Release|Any CPU.Build.0 = Release|Any CPU
		{4CA4751B-0B36-40A7-A94E-8EF59A834650}.Debug|Any CPU.ActiveCfg = Debug|Any CPU
		{4CA4751B-0B36-40A7-A94E-8EF59A834650}.Debug|Any CPU.Build.0 = Debug|Any CPU
		{4CA4751B-0B36-40A7-A94E-8EF59A834650}.Release|Any CPU.ActiveCfg = Release|Any CPU
		{4CA4751B-0B36-40A7-A94E-8EF59A834650}.Release|Any CPU.Build.0 = Release|Any CPU
		{EC1555C6-4027-43EA-A3A4-D568FD435957}.Debug|Any CPU.ActiveCfg = Debug|Any CPU
		{EC1555C6-4027-43EA-A3A4-D568FD435957}.Debug|Any CPU.Build.0 = Debug|Any CPU
		{EC1555C6-4027-43EA-A3A4-D568FD435957}.Release|Any CPU.ActiveCfg = Release|Any CPU
		{EC1555C6-4027-43EA-A3A4-D568FD435957}.Release|Any CPU.Build.0 = Release|Any CPU
	EndGlobalSection
EndGlobal
